
Microsoft Visual Studio Solution File, Format Version 12.00
# Visual Studio Version 17
VisualStudioVersion = 17.11.35312.102
MinimumVisualStudioVersion = 10.0.40219.1
Project("{FAE04EC0-301F-11D3-BF4B-00C04F79EFBC}") = "ExtraNumber1OAiP", "ExtraNumber1OAiP.csproj", "{09D55693-6AF7-4FBE-A95C-8131C7B15043}"
EndProject
Global
	GlobalSection(SolutionConfigurationPlatforms) = preSolution
		Debug|Any CPU = Debug|Any CPU
		Release|Any CPU = Release|Any CPU
	EndGlobalSection
	GlobalSection(ProjectConfigurationPlatforms) = postSolution
		{09D55693-6AF7-4FBE-A95C-8131C7B15043}.Debug|Any CPU.ActiveCfg = Debug|Any CPU
		{09D55693-6AF7-4FBE-A95C-8131C7B15043}.Debug|Any CPU.Build.0 = Debug|Any CPU
		{09D55693-6AF7-4FBE-A95C-8131C7B15043}.Release|Any CPU.ActiveCfg = Release|Any CPU
		{09D55693-6AF7-4FBE-A95C-8131C7B15043}.Release|Any CPU.Build.0 = Release|Any CPU
	EndGlobalSection
	GlobalSection(SolutionProperties) = preSolution
		HideSolutionNode = FALSE
	EndGlobalSection
	GlobalSection(ExtensibilityGlobals) = postSolution
		SolutionGuid = {9CB8BDB8-7598-4642-B8EC-BD531A11B3FE}
	EndGlobalSection
EndGlobal
